
Microsoft Visual Studio Solution File, Format Version 12.00
# Visual Studio Version 16
VisualStudioVersion = 16.0.30907.101
MinimumVisualStudioVersion = 10.0.40219.1
Project("{FAE04EC0-301F-11D3-BF4B-00C04F79EFBC}") = "MiPrimerPrograma", "MiPrimerPrograma\MiPrimerPrograma.csproj", "{20934E47-E0F6-443B-9F0C-8E919D7637C1}"
EndProject
Global
	GlobalSection(SolutionConfigurationPlatforms) = preSolution
		Debug|Any CPU = Debug|Any CPU
		Release|Any CPU = Release|Any CPU
	EndGlobalSection
	GlobalSection(ProjectConfigurationPlatforms) = postSolution
		{20934E47-E0F6-443B-9F0C-8E919D7637C1}.Debug|Any CPU.ActiveCfg = Debug|Any CPU
		{20934E47-E0F6-443B-9F0C-8E919D7637C1}.Debug|Any CPU.Build.0 = Debug|Any CPU
		{20934E47-E0F6-443B-9F0C-8E919D7637C1}.Release|Any CPU.ActiveCfg = Release|Any CPU
		{20934E47-E0F6-443B-9F0C-8E919D7637C1}.Release|Any CPU.Build.0 = Release|Any CPU
	EndGlobalSection
	GlobalSection(SolutionProperties) = preSolution
		HideSolutionNode = FALSE
	EndGlobalSection
	GlobalSection(ExtensibilityGlobals) = postSolution
		SolutionGuid = {76E3EFA5-DB94-4D90-B7CC-22E97AD7301B}
	EndGlobalSection
EndGlobal
